// !$*UTF8*$!
{
	archiveVersion = 1;
	classes = {
	};
	objectVersion = 56;
	objects = {

/* Begin PBXBuildFile section */
		C84EEF0929B8BDFF00EEB658 /* SnapKit in Frameworks */ = {isa = PBXBuildFile; productRef = C84EEF0829B8BDFF00EEB658 /* SnapKit */; };
		C84EEF0B29B8C01B00EEB658 /* ExtansionViewController.swift in Sources */ = {isa = PBXBuildFile; fileRef = C84EEF0A29B8C01B00EEB658 /* ExtansionViewController.swift */; };
		C84EEF0D29B8C25D00EEB658 /* Model.swift in Sources */ = {isa = PBXBuildFile; fileRef = C84EEF0C29B8C25D00EEB658 /* Model.swift */; };
		C84EEF0F29B8C97D00EEB658 /* CustomtableViewCell.swift in Sources */ = {isa = PBXBuildFile; fileRef = C84EEF0E29B8C97D00EEB658 /* CustomtableViewCell.swift */; };
		C84EEF1129B8D0D400EEB658 /* DetailView.swift in Sources */ = {isa = PBXBuildFile; fileRef = C84EEF1029B8D0D400EEB658 /* DetailView.swift */; };
		C855909729B4AE6E0079B560 /* AppDelegate.swift in Sources */ = {isa = PBXBuildFile; fileRef = C855909629B4AE6E0079B560 /* AppDelegate.swift */; };
		C855909929B4AE6E0079B560 /* SceneDelegate.swift in Sources */ = {isa = PBXBuildFile; fileRef = C855909829B4AE6E0079B560 /* SceneDelegate.swift */; };
		C855909B29B4AE6E0079B560 /* ViewController.swift in Sources */ = {isa = PBXBuildFile; fileRef = C855909A29B4AE6E0079B560 /* ViewController.swift */; };
		C85590A029B4AE6F0079B560 /* Assets.xcassets in Resources */ = {isa = PBXBuildFile; fileRef = C855909F29B4AE6F0079B560 /* Assets.xcassets */; };
		C85590A329B4AE6F0079B560 /* LaunchScreen.storyboard in Resources */ = {isa = PBXBuildFile; fileRef = C85590A129B4AE6F0079B560 /* LaunchScreen.storyboard */; };
/* End PBXBuildFile section */

/* Begin PBXFileReference section */
		C84EEF0A29B8C01B00EEB658 /* ExtansionViewController.swift */ = {isa = PBXFileReference; lastKnownFileType = sourcecode.swift; path = ExtansionViewController.swift; sourceTree = "<group>"; };
		C84EEF0C29B8C25D00EEB658 /* Model.swift */ = {isa = PBXFileReference; lastKnownFileType = sourcecode.swift; path = Model.swift; sourceTree = "<group>"; };
		C84EEF0E29B8C97D00EEB658 /* CustomtableViewCell.swift */ = {isa = PBXFileReference; lastKnownFileType = sourcecode.swift; path = CustomtableViewCell.swift; sourceTree = "<group>"; };
		C84EEF1029B8D0D400EEB658 /* DetailView.swift */ = {isa = PBXFileReference; lastKnownFileType = sourcecode.swift; path = DetailView.swift; sourceTree = "<group>"; };
		C855909329B4AE6E0079B560 /* HW-13-Kudaibergen_Temirlan.app */ = {isa = PBXFileReference; explicitFileType = wrapper.application; includeInIndex = 0; path = "HW-13-Kudaibergen_Temirlan.app"; sourceTree = BUILT_PRODUCTS_DIR; };
		C855909629B4AE6E0079B560 /* AppDelegate.swift */ = {isa = PBXFileReference; lastKnownFileType = sourcecode.swift; path = AppDelegate.swift; sourceTree = "<group>"; };
		C855909829B4AE6E0079B560 /* SceneDelegate.swift */ = {isa = PBXFileReference; lastKnownFileType = sourcecode.swift; path = SceneDelegate.swift; sourceTree = "<group>"; };
		C855909A29B4AE6E0079B560 /* ViewController.swift */ = {isa = PBXFileReference; lastKnownFileType = sourcecode.swift; path = ViewController.swift; sourceTree = "<group>"; };
		C855909F29B4AE6F0079B560 /* Assets.xcassets */ = {isa = PBXFileReference; lastKnownFileType = folder.assetcatalog; path = Assets.xcassets; sourceTree = "<group>"; };
		C85590A229B4AE6F0079B560 /* Base */ = {isa = PBXFileReference; lastKnownFileType = file.storyboard; name = Base; path = Base.lproj/LaunchScreen.storyboard; sourceTree = "<group>"; };
		C85590A429B4AE6F0079B560 /* Info.plist */ = {isa = PBXFileReference; lastKnownFileType = text.plist.xml; path = Info.plist; sourceTree = "<group>"; };
/* End PBXFileReference section */

/* Begin PBXFrameworksBuildPhase section */
		C855909029B4AE6E0079B560 /* Frameworks */ = {
			isa = PBXFrameworksBuildPhase;
			buildActionMask = 2147483647;
			files = (
				C84EEF0929B8BDFF00EEB658 /* SnapKit in Frameworks */,
			);
			runOnlyForDeploymentPostprocessing = 0;
		};
/* End PBXFrameworksBuildPhase section */

/* Begin PBXGroup section */
		C84EEF1229B90D9B00EEB658 /* UIKit+Exstansion */ = {
			isa = PBXGroup;
			children = (
				C855909A29B4AE6E0079B560 /* ViewController.swift */,
				C84EEF0C29B8C25D00EEB658 /* Model.swift */,
				C84EEF0E29B8C97D00EEB658 /* CustomtableViewCell.swift */,
				C84EEF0A29B8C01B00EEB658 /* ExtansionViewController.swift */,
				C84EEF1029B8D0D400EEB658 /* DetailView.swift */,
			);
			path = "UIKit+Exstansion";
			sourceTree = "<group>";
		};
		C855908A29B4AE6E0079B560 = {
			isa = PBXGroup;
			children = (
				C855909529B4AE6E0079B560 /* HW-13-Kudaibergen_Temirlan */,
				C855909429B4AE6E0079B560 /* Products */,
			);
			sourceTree = "<group>";
		};
		C855909429B4AE6E0079B560 /* Products */ = {
			isa = PBXGroup;
			children = (
				C855909329B4AE6E0079B560 /* HW-13-Kudaibergen_Temirlan.app */,
			);
			name = Products;
			sourceTree = "<group>";
		};
		C855909529B4AE6E0079B560 /* HW-13-Kudaibergen_Temirlan */ = {
			isa = PBXGroup;
			children = (
				C85590AB29B4AFD70079B560 /* Resource */,
				C85590AA29B4AFCA0079B560 /* Source */,
			);
			path = "HW-13-Kudaibergen_Temirlan";
			sourceTree = "<group>";
		};
		C85590AA29B4AFCA0079B560 /* Source */ = {
			isa = PBXGroup;
			children = (
				C84EEF1229B90D9B00EEB658 /* UIKit+Exstansion */,
				C85590AF29B4B35E0079B560 /* Storyboard */,
				C85590AE29B4B3550079B560 /* App */,
			);
			path = Source;
			sourceTree = "<group>";
		};
		C85590AB29B4AFD70079B560 /* Resource */ = {
			isa = PBXGroup;
			children = (
				C855909F29B4AE6F0079B560 /* Assets.xcassets */,
				C85590AC29B4AFF50079B560 /* Configuration */,
			);
			path = Resource;
			sourceTree = "<group>";
		};
		C85590AC29B4AFF50079B560 /* Configuration */ = {
			isa = PBXGroup;
			children = (
				C85590A429B4AE6F0079B560 /* Info.plist */,
			);
			path = Configuration;
			sourceTree = "<group>";
		};
		C85590AE29B4B3550079B560 /* App */ = {
			isa = PBXGroup;
			children = (
				C855909629B4AE6E0079B560 /* AppDelegate.swift */,
				C855909829B4AE6E0079B560 /* SceneDelegate.swift */,
			);
			path = App;
			sourceTree = "<group>";
		};
		C85590AF29B4B35E0079B560 /* Storyboard */ = {
			isa = PBXGroup;
			children = (
				C85590A129B4AE6F0079B560 /* LaunchScreen.storyboard */,
			);
			path = Storyboard;
			sourceTree = "<group>";
		};
/* End PBXGroup section */

/* Begin PBXNativeTarget section */
		C855909229B4AE6E0079B560 /* HW-13-Kudaibergen_Temirlan */ = {
			isa = PBXNativeTarget;
			buildConfigurationList = C85590A729B4AE6F0079B560 /* Build configuration list for PBXNativeTarget "HW-13-Kudaibergen_Temirlan" */;
			buildPhases = (
				C855908F29B4AE6E0079B560 /* Sources */,
				C855909029B4AE6E0079B560 /* Frameworks */,
				C855909129B4AE6E0079B560 /* Resources */,
			);
			buildRules = (
			);
			dependencies = (
			);
			name = "HW-13-Kudaibergen_Temirlan";
			packageProductDependencies = (
				C84EEF0829B8BDFF00EEB658 /* SnapKit */,
			);
			productName = "HW-13-Kudaibergen_Temirlan";
			productReference = C855909329B4AE6E0079B560 /* HW-13-Kudaibergen_Temirlan.app */;
			productType = "com.apple.product-type.application";
		};
/* End PBXNativeTarget section */

/* Begin PBXProject section */
		C855908B29B4AE6E0079B560 /* Project object */ = {
			isa = PBXProject;
			attributes = {
				BuildIndependentTargetsInParallel = 1;
				LastSwiftUpdateCheck = 1420;
				LastUpgradeCheck = 1420;
				TargetAttributes = {
					C855909229B4AE6E0079B560 = {
						CreatedOnToolsVersion = 14.2;
					};
				};
			};
			buildConfigurationList = C855908E29B4AE6E0079B560 /* Build configuration list for PBXProject "HW-13-Kudaibergen_Temirlan" */;
			compatibilityVersion = "Xcode 14.0";
			developmentRegion = en;
			hasScannedForEncodings = 0;
			knownRegions = (
				en,
				Base,
			);
			mainGroup = C855908A29B4AE6E0079B560;
			packageReferences = (
				C84EEF0729B8BDFF00EEB658 /* XCRemoteSwiftPackageReference "SnapKit" */,
			);
			productRefGroup = C855909429B4AE6E0079B560 /* Products */;
			projectDirPath = "";
			projectRoot = "";
			targets = (
				C855909229B4AE6E0079B560 /* HW-13-Kudaibergen_Temirlan */,
			);
		};
/* End PBXProject section */

/* Begin PBXResourcesBuildPhase section */
		C855909129B4AE6E0079B560 /* Resources */ = {
			isa = PBXResourcesBuildPhase;
			buildActionMask = 2147483647;
			files = (
				C85590A329B4AE6F0079B560 /* LaunchScreen.storyboard in Resources */,
				C85590A029B4AE6F0079B560 /* Assets.xcassets in Resources */,
			);
			runOnlyForDeploymentPostprocessing = 0;
		};
/* End PBXResourcesBuildPhase section */

/* Begin PBXSourcesBuildPhase section */
		C855908F29B4AE6E0079B560 /* Sources */ = {
			isa = PBXSourcesBuildPhase;
			buildActionMask = 2147483647;
			files = (
				C84EEF0F29B8C97D00EEB658 /* CustomtableViewCell.swift in Sources */,
				C84EEF0D29B8C25D00EEB658 /* Model.swift in Sources */,
				C855909B29B4AE6E0079B560 /* ViewController.swift in Sources */,
				C84EEF1129B8D0D400EEB658 /* DetailView.swift in Sources */,
				C855909729B4AE6E0079B560 /* AppDelegate.swift in Sources */,
				C855909929B4AE6E0079B560 /* SceneDelegate.swift in Sources */,
				C84EEF0B29B8C01B00EEB658 /* ExtansionViewController.swift in Sources */,
			);
			runOnlyForDeploymentPostprocessing = 0;
		};
/* End PBXSourcesBuildPhase section */

/* Begin PBXVariantGroup section */
		C85590A129B4AE6F0079B560 /* LaunchScreen.storyboard */ = {
			isa = PBXVariantGroup;
			children = (
				C85590A229B4AE6F0079B560 /* Base */,
			);
			name = LaunchScreen.storyboard;
			sourceTree = "<group>";
		};
/* End PBXVariantGroup section */

/* Begin XCBuildConfiguration section */
		C85590A529B4AE6F0079B560 /* Debug */ = {
			isa = XCBuildConfiguration;
			buildSettings = {
				ALWAYS_SEARCH_USER_PATHS = NO;
				CLANG_ANALYZER_NONNULL = YES;
				CLANG_ANALYZER_NUMBER_OBJECT_CONVERSION = YES_AGGRESSIVE;
				CLANG_CXX_LANGUAGE_STANDARD = "gnu++20";
				CLANG_ENABLE_MODULES = YES;
				CLANG_ENABLE_OBJC_ARC = YES;
				CLANG_ENABLE_OBJC_WEAK = YES;
				CLANG_WARN_BLOCK_CAPTURE_AUTORELEASING = YES;
				CLANG_WARN_BOOL_CONVERSION = YES;
				CLANG_WARN_COMMA = YES;
				CLANG_WARN_CONSTANT_CONVERSION = YES;
				CLANG_WARN_DEPRECATED_OBJC_IMPLEMENTATIONS = YES;
				CLANG_WARN_DIRECT_OBJC_ISA_USAGE = YES_ERROR;
				CLANG_WARN_DOCUMENTATION_COMMENTS = YES;
				CLANG_WARN_EMPTY_BODY = YES;
				CLANG_WARN_ENUM_CONVERSION = YES;
				CLANG_WARN_INFINITE_RECURSION = YES;
				CLANG_WARN_INT_CONVERSION = YES;
				CLANG_WARN_NON_LITERAL_NULL_CONVERSION = YES;
				CLANG_WARN_OBJC_IMPLICIT_RETAIN_SELF = YES;
				CLANG_WARN_OBJC_LITERAL_CONVERSION = YES;
				CLANG_WARN_OBJC_ROOT_CLASS = YES_ERROR;
				CLANG_WARN_QUOTED_INCLUDE_IN_FRAMEWORK_HEADER = YES;
				CLANG_WARN_RANGE_LOOP_ANALYSIS = YES;
				CLANG_WARN_STRICT_PROTOTYPES = YES;
				CLANG_WARN_SUSPICIOUS_MOVE = YES;
				CLANG_WARN_UNGUARDED_AVAILABILITY = YES_AGGRESSIVE;
				CLANG_WARN_UNREACHABLE_CODE = YES;
				CLANG_WARN__DUPLICATE_METHOD_MATCH = YES;
				COPY_PHASE_STRIP = NO;
				DEBUG_INFORMATION_FORMAT = dwarf;
				ENABLE_STRICT_OBJC_MSGSEND = YES;
				ENABLE_TESTABILITY = YES;
				GCC_C_LANGUAGE_STANDARD = gnu11;
				GCC_DYNAMIC_NO_PIC = NO;
				GCC_NO_COMMON_BLOCKS = YES;
				GCC_OPTIMIZATION_LEVEL = 0;
				GCC_PREPROCESSOR_DEFINITIONS = (
					"DEBUG=1",
					"$(inherited)",
				);
				GCC_WARN_64_TO_32_BIT_CONVERSION = YES;
				GCC_WARN_ABOUT_RETURN_TYPE = YES_ERROR;
				GCC_WARN_UNDECLARED_SELECTOR = YES;
				GCC_WARN_UNINITIALIZED_AUTOS = YES_AGGRESSIVE;
				GCC_WARN_UNUSED_FUNCTION = YES;
				GCC_WARN_UNUSED_VARIABLE = YES;
				IPHONEOS_DEPLOYMENT_TARGET = 16.2;
				MTL_ENABLE_DEBUG_INFO = INCLUDE_SOURCE;
				MTL_FAST_MATH = YES;
				ONLY_ACTIVE_ARCH = YES;
				SDKROOT = iphoneos;
				SWIFT_ACTIVE_COMPILATION_CONDITIONS = DEBUG;
				SWIFT_OPTIMIZATION_LEVEL = "-Onone";
			};
			name = Debug;
		};
		C85590A629B4AE6F0079B560 /* Release */ = {
			isa = XCBuildConfiguration;
			buildSettings = {
				ALWAYS_SEARCH_USER_PATHS = NO;
				CLANG_ANALYZER_NONNULL = YES;
				CLANG_ANALYZER_NUMBER_OBJECT_CONVERSION = YES_AGGRESSIVE;
				CLANG_CXX_LANGUAGE_STANDARD = "gnu++20";
				CLANG_ENABLE_MODULES = YES;
				CLANG_ENABLE_OBJC_ARC = YES;
				CLANG_ENABLE_OBJC_WEAK = YES;
				CLANG_WARN_BLOCK_CAPTURE_AUTORELEASING = YES;
				CLANG_WARN_BOOL_CONVERSION = YES;
				CLANG_WARN_COMMA = YES;
				CLANG_WARN_CONSTANT_CONVERSION = YES;
				CLANG_WARN_DEPRECATED_OBJC_IMPLEMENTATIONS = YES;
				CLANG_WARN_DIRECT_OBJC_ISA_USAGE = YES_ERROR;
				CLANG_WARN_DOCUMENTATION_COMMENTS = YES;
				CLANG_WARN_EMPTY_BODY = YES;
				CLANG_WARN_ENUM_CONVERSION = YES;
				CLANG_WARN_INFINITE_RECURSION = YES;
				CLANG_WARN_INT_CONVERSION = YES;
				CLANG_WARN_NON_LITERAL_NULL_CONVERSION = YES;
				CLANG_WARN_OBJC_IMPLICIT_RETAIN_SELF = YES;
				CLANG_WARN_OBJC_LITERAL_CONVERSION = YES;
				CLANG_WARN_OBJC_ROOT_CLASS = YES_ERROR;
				CLANG_WARN_QUOTED_INCLUDE_IN_FRAMEWORK_HEADER = YES;
				CLANG_WARN_RANGE_LOOP_ANALYSIS = YES;
				CLANG_WARN_STRICT_PROTOTYPES = YES;
				CLANG_WARN_SUSPICIOUS_MOVE = YES;
				CLANG_WARN_UNGUARDED_AVAILABILITY = YES_AGGRESSIVE;
				CLANG_WARN_UNREACHABLE_CODE = YES;
				CLANG_WARN__DUPLICATE_METHOD_MATCH = YES;
				COPY_PHASE_STRIP = NO;
				DEBUG_INFORMATION_FORMAT = "dwarf-with-dsym";
				ENABLE_NS_ASSERTIONS = NO;
				ENABLE_STRICT_OBJC_MSGSEND = YES;
				GCC_C_LANGUAGE_STANDARD = gnu11;
				GCC_NO_COMMON_BLOCKS = YES;
				GCC_WARN_64_TO_32_BIT_CONVERSION = YES;
				GCC_WARN_ABOUT_RETURN_TYPE = YES_ERROR;
				GCC_WARN_UNDECLARED_SELECTOR = YES;
				GCC_WARN_UNINITIALIZED_AUTOS = YES_AGGRESSIVE;
				GCC_WARN_UNUSED_FUNCTION = YES;
				GCC_WARN_UNUSED_VARIABLE = YES;
				IPHONEOS_DEPLOYMENT_TARGET = 16.2;
				MTL_ENABLE_DEBUG_INFO = NO;
				MTL_FAST_MATH = YES;
				SDKROOT = iphoneos;
				SWIFT_COMPILATION_MODE = wholemodule;
				SWIFT_OPTIMIZATION_LEVEL = "-O";
				VALIDATE_PRODUCT = YES;
			};
			name = Release;
		};
		C85590A829B4AE6F0079B560 /* Debug */ = {
			isa = XCBuildConfiguration;
			buildSettings = {
				ASSETCATALOG_COMPILER_APPICON_NAME = AppIcon;
				ASSETCATALOG_COMPILER_GLOBAL_ACCENT_COLOR_NAME = AccentColor;
				CODE_SIGN_STYLE = Automatic;
				CURRENT_PROJECT_VERSION = 1;
				DEVELOPMENT_TEAM = C2VWB77N8G;
				GENERATE_INFOPLIST_FILE = YES;
				INFOPLIST_FILE = "HW-13-Kudaibergen_Temirlan/Info.plist";
				INFOPLIST_KEY_UIApplicationSupportsIndirectInputEvents = YES;
				INFOPLIST_KEY_UILaunchStoryboardName = LaunchScreen;
				INFOPLIST_KEY_UIMainStoryboardFile = "";
				INFOPLIST_KEY_UISupportedInterfaceOrientations_iPad = "UIInterfaceOrientationPortrait UIInterfaceOrientationPortraitUpsideDown UIInterfaceOrientationLandscapeLeft UIInterfaceOrientationLandscapeRight";
				INFOPLIST_KEY_UISupportedInterfaceOrientations_iPhone = "UIInterfaceOrientationPortrait UIInterfaceOrientationLandscapeLeft UIInterfaceOrientationLandscapeRight";
				LD_RUNPATH_SEARCH_PATHS = (
					"$(inherited)",
					"@executable_path/Frameworks",
				);
				MARKETING_VERSION = 1.0;
				PRODUCT_BUNDLE_IDENTIFIER = "kz.HW-13-Kudaibergen-Temirlan";
				PRODUCT_NAME = "$(TARGET_NAME)";
				SWIFT_EMIT_LOC_STRINGS = YES;
				SWIFT_VERSION = 5.0;
				TARGETED_DEVICE_FAMILY = "1,2";
			};
			name = Debug;
		};
		C85590A929B4AE6F0079B560 /* Release */ = {
			isa = XCBuildConfiguration;
			buildSettings = {
				ASSETCATALOG_COMPILER_APPICON_NAME = AppIcon;
				ASSETCATALOG_COMPILER_GLOBAL_ACCENT_COLOR_NAME = AccentColor;
				CODE_SIGN_STYLE = Automatic;
				CURRENT_PROJECT_VERSION = 1;
				DEVELOPMENT_TEAM = C2VWB77N8G;
				GENERATE_INFOPLIST_FILE = YES;
				INFOPLIST_FILE = "HW-13-Kudaibergen_Temirlan/Info.plist";
				INFOPLIST_KEY_UIApplicationSupportsIndirectInputEvents = YES;
				INFOPLIST_KEY_UILaunchStoryboardName = LaunchScreen;
				INFOPLIST_KEY_UIMainStoryboardFile = "";
				INFOPLIST_KEY_UISupportedInterfaceOrientations_iPad = "UIInterfaceOrientationPortrait UIInterfaceOrientationPortraitUpsideDown UIInterfaceOrientationLandscapeLeft UIInterfaceOrientationLandscapeRight";
				INFOPLIST_KEY_UISupportedInterfaceOrientations_iPhone = "UIInterfaceOrientationPortrait UIInterfaceOrientationLandscapeLeft UIInterfaceOrientationLandscapeRight";
				LD_RUNPATH_SEARCH_PATHS = (
					"$(inherited)",
					"@executable_path/Frameworks",
				);
				MARKETING_VERSION = 1.0;
				PRODUCT_BUNDLE_IDENTIFIER = "kz.HW-13-Kudaibergen-Temirlan";
				PRODUCT_NAME = "$(TARGET_NAME)";
				SWIFT_EMIT_LOC_STRINGS = YES;
				SWIFT_VERSION = 5.0;
				TARGETED_DEVICE_FAMILY = "1,2";
			};
			name = Release;
		};
/* End XCBuildConfiguration section */

/* Begin XCConfigurationList section */
		C855908E29B4AE6E0079B560 /* Build configuration list for PBXProject "HW-13-Kudaibergen_Temirlan" */ = {
			isa = XCConfigurationList;
			buildConfigurations = (
				C85590A529B4AE6F0079B560 /* Debug */,
				C85590A629B4AE6F0079B560 /* Release */,
			);
			defaultConfigurationIsVisible = 0;
			defaultConfigurationName = Release;
		};
		C85590A729B4AE6F0079B560 /* Build configuration list for PBXNativeTarget "HW-13-Kudaibergen_Temirlan" */ = {
			isa = XCConfigurationList;
			buildConfigurations = (
				C85590A829B4AE6F0079B560 /* Debug */,
				C85590A929B4AE6F0079B560 /* Release */,
			);
			defaultConfigurationIsVisible = 0;
			defaultConfigurationName = Release;
		};
/* End XCConfigurationList section */

/* Begin XCRemoteSwiftPackageReference section */
		C84EEF0729B8BDFF00EEB658 /* XCRemoteSwiftPackageReference "SnapKit" */ = {
			isa = XCRemoteSwiftPackageReference;
			repositoryURL = "https://github.com/SnapKit/SnapKit.git";
			requirement = {
				branch = develop;
				kind = branch;
			};
		};
/* End XCRemoteSwiftPackageReference section */

/* Begin XCSwiftPackageProductDependency section */
		C84EEF0829B8BDFF00EEB658 /* SnapKit */ = {
			isa = XCSwiftPackageProductDependency;
			package = C84EEF0729B8BDFF00EEB658 /* XCRemoteSwiftPackageReference "SnapKit" */;
			productName = SnapKit;
		};
/* End XCSwiftPackageProductDependency section */
	};
	rootObject = C855908B29B4AE6E0079B560 /* Project object */;
}
